schema: '2.0'
stages:
  load_data:
    cmd: python src/data_load.py --config=params.yaml
    deps:
    - path: dataFromSrc/winequality.csv
      md5: ccc8d3507eb151f53f760d36abdef888
      size: 91998
    - path: src/data_load.py
      md5: be99eac59ac05d67e804d54a6096f173
      size: 611
    - path: src/get_data.py
      md5: f71d048d116b93ea668745e018ea5749
      size: 638
    outs:
    - path: data/raw/winequality.csv
      md5: d98e8f2eca228c11c4de1cc96866a54d
      size: 91998
  split_data:
    cmd: python src/split_data.py --config=params.yaml
    deps:
    - path: data/raw/winequality.csv
      md5: d98e8f2eca228c11c4de1cc96866a54d
      size: 91998
    - path: src/split_data.py
      md5: a217112e41dbbae5aee2265cb488c2ab
      size: 1055
    outs:
    - path: data/processed/test_winequality.csv
      md5: 01718da3bd6e206060ed00667ca1a389
      size: 18510
    - path: data/processed/train_winequality.csv
      md5: 4bccf4d668cdc60115de42ba74d416ab
      size: 73633
  training:
    cmd: python src/train_and_evaluate.py --config=params.yaml
    deps:
    - path: data/raw/winequality.csv
      md5: d98e8f2eca228c11c4de1cc96866a54d
      size: 91998
    - path: src/train_and_evaluate.py
      md5: 9969b98dae0bac637f104e72739e7964
      size: 1837
